
Microsoft Visual Studio Solution File, Format Version 12.00
# Visual Studio Version 16
VisualStudioVersion = 16.0.31205.134
MinimumVisualStudioVersion = 10.0.40219.1
Project("{FAE04EC0-301F-11D3-BF4B-00C04F79EFBC}") = "OnlineCalculator", "OnlineCalculator.csproj", "{D101B00E-6E7E-4D3F-9299-F85B42E8D42D}"
EndProject
Global
	GlobalSection(SolutionConfigurationPlatforms) = preSolution
		Debug|Any CPU = Debug|Any CPU
		Release|Any CPU = Release|Any CPU
	EndGlobalSection
	GlobalSection(ProjectConfigurationPlatforms) = postSolution
		{D101B00E-6E7E-4D3F-9299-F85B42E8D42D}.Debug|Any CPU.ActiveCfg = Debug|Any CPU
		{D101B00E-6E7E-4D3F-9299-F85B42E8D42D}.Debug|Any CPU.Build.0 = Debug|Any CPU
		{D101B00E-6E7E-4D3F-9299-F85B42E8D42D}.Release|Any CPU.ActiveCfg = Release|Any CPU
		{D101B00E-6E7E-4D3F-9299-F85B42E8D42D}.Release|Any CPU.Build.0 = Release|Any CPU
	EndGlobalSection
	GlobalSection(SolutionProperties) = preSolution
		HideSolutionNode = FALSE
	EndGlobalSection
	GlobalSection(ExtensibilityGlobals) = postSolution
		SolutionGuid = {820E9F3F-AA21-4AA2-8655-F58920D0046A}
	EndGlobalSection
EndGlobal
